
Microsoft Visual Studio Solution File, Format Version 12.00
# Visual Studio Version 17
VisualStudioVersion = 17.11.35303.130
MinimumVisualStudioVersion = 10.0.40219.1
Project("{FAE04EC0-301F-11D3-BF4B-00C04F79EFBC}") = "loopsAndExeptions", "loopsAndExeptions\loopsAndExeptions.csproj", "{58547098-D659-48FD-80DF-8ED46BCFCFD3}"
EndProject
Project("{FAE04EC0-301F-11D3-BF4B-00C04F79EFBC}") = "HomeWork3", "HomeWork3\HomeWork3.csproj", "{34150939-0D96-45C0-867D-812335F779F0}"
EndProject
Global
	GlobalSection(SolutionConfigurationPlatforms) = preSolution
		Debug|Any CPU = Debug|Any CPU
		Release|Any CPU = Release|Any CPU
	EndGlobalSection
	GlobalSection(ProjectConfigurationPlatforms) = postSolution
		{58547098-D659-48FD-80DF-8ED46BCFCFD3}.Debug|Any CPU.ActiveCfg = Debug|Any CPU
		{58547098-D659-48FD-80DF-8ED46BCFCFD3}.Debug|Any CPU.Build.0 = Debug|Any CPU
		{58547098-D659-48FD-80DF-8ED46BCFCFD3}.Release|Any CPU.ActiveCfg = Release|Any CPU
		{58547098-D659-48FD-80DF-8ED46BCFCFD3}.Release|Any CPU.Build.0 = Release|Any CPU
		{34150939-0D96-45C0-867D-812335F779F0}.Debug|Any CPU.ActiveCfg = Debug|Any CPU
		{34150939-0D96-45C0-867D-812335F779F0}.Debug|Any CPU.Build.0 = Debug|Any CPU
		{34150939-0D96-45C0-867D-812335F779F0}.Release|Any CPU.ActiveCfg = Release|Any CPU
		{34150939-0D96-45C0-867D-812335F779F0}.Release|Any CPU.Build.0 = Release|Any CPU
	EndGlobalSection
	GlobalSection(SolutionProperties) = preSolution
		HideSolutionNode = FALSE
	EndGlobalSection
	GlobalSection(ExtensibilityGlobals) = postSolution
		SolutionGuid = {B8147E92-B1D7-4F51-9CAC-D95997E60A12}
	EndGlobalSection
EndGlobal
